<?xml version="1.0" encoding="utf-8"?>
<Project ToolsVersion="4.0" xmlns="http://schemas.microsoft.com/developer/msbuild/2003">
  <ItemGroup>
    <Filter Include="소스 파일">
      <UniqueIdentifier>{4FC737F1-C7A5-4376-A066-2A32D752A2FF}</UniqueIdentifier>
      <Extensions>cpp;c;cc;cxx;c++;cppm;ixx;def;odl;idl;hpj;bat;asm;asmx</Extensions>
    </Filter>
    <Filter Include="헤더 파일">
      <UniqueIdentifier>{93995380-89BD-4b04-88EB-625FBE52EBFB}</UniqueIdentifier>
      <Extensions>h;hh;hpp;hxx;h++;hm;inl;inc;ipp;xsd</Extensions>
    </Filter>
    <Filter Include="리소스 파일">
      <UniqueIdentifier>{67DA6AB6-F800-4c08-8B7A-83BB121AAD01}</UniqueIdentifier>
      <Extensions>rc;ico;cur;bmp;dlg;rc2;rct;bin;rgs;gif;jpg;jpeg;jpe;resx;tiff;tif;png;wav;mfcribbon-ms</Extensions>
    </Filter>
  </ItemGroup>
  <ItemGroup>
    <ClCompile Include="node.cpp">
      <Filter>소스 파일</Filter>
    </ClCompile>
    <ClCompile Include="compositeNode.cpp">
      <Filter>소스 파일</Filter>
    </ClCompile>
    <ClCompile Include="commonExceptioin.cpp">
      <Filter>소스 파일</Filter>
    </ClCompile>
    <ClCompile Include="context.cpp">
      <Filter>소스 파일</Filter>
    </ClCompile>
    <ClCompile Include="argument.cpp">
      <Filter>소스 파일</Filter>
    </ClCompile>
    <ClCompile Include="nodeInfo.cpp">
      <Filter>소스 파일</Filter>
    </ClCompile>
    <ClCompile Include="addon.cpp">
      <Filter>소스 파일</Filter>
    </ClCompile>
    <ClCompile Include="constNode.cpp">
      <Filter>소스 파일</Filter>
    </ClCompile>
    <ClCompile Include="OstrichAPI.cpp">
      <Filter>소스 파일</Filter>
    </ClCompile>
    <ClCompile Include="constExecutionNode.cpp">
      <Filter>소스 파일</Filter>
    </ClCompile>
    <ClCompile Include="constNodeJson.cpp">
      <Filter>소스 파일</Filter>
    </ClCompile>
    <ClCompile Include="script.cpp">
      <Filter>소스 파일</Filter>
    </ClCompile>
  </ItemGroup>
  <ItemGroup>
    <ClInclude Include="ihandle.h">
      <Filter>헤더 파일</Filter>
    </ClInclude>
    <ClInclude Include="iengine.h">
      <Filter>헤더 파일</Filter>
    </ClInclude>
    <ClInclude Include="inode.h">
      <Filter>헤더 파일</Filter>
    </ClInclude>
    <ClInclude Include="iconstNode.h">
      <Filter>헤더 파일</Filter>
    </ClInclude>
    <ClInclude Include="icompositeNode.h">
      <Filter>헤더 파일</Filter>
    </ClInclude>
    <ClInclude Include="icontext.h">
      <Filter>헤더 파일</Filter>
    </ClInclude>
    <ClInclude Include="objectType.h">
      <Filter>헤더 파일</Filter>
    </ClInclude>
    <ClInclude Include="searchType.h">
      <Filter>헤더 파일</Filter>
    </ClInclude>
    <ClInclude Include="node.h">
      <Filter>헤더 파일</Filter>
    </ClInclude>
    <ClInclude Include="common_export.h">
      <Filter>헤더 파일</Filter>
    </ClInclude>
    <ClInclude Include="compositeNode.h">
      <Filter>헤더 파일</Filter>
    </ClInclude>
    <ClInclude Include="commonException.h">
      <Filter>헤더 파일</Filter>
    </ClInclude>
    <ClInclude Include="macro.h">
      <Filter>헤더 파일</Filter>
    </ClInclude>
    <ClInclude Include="serialType.h">
      <Filter>헤더 파일</Filter>
    </ClInclude>
    <ClInclude Include="context.h">
      <Filter>헤더 파일</Filter>
    </ClInclude>
    <ClInclude Include="iaddon.h">
      <Filter>헤더 파일</Filter>
    </ClInclude>
    <ClInclude Include="icompositeConstructor.h">
      <Filter>헤더 파일</Filter>
    </ClInclude>
    <ClInclude Include="nodeInfo.h">
      <Filter>헤더 파일</Filter>
    </ClInclude>
    <ClInclude Include="argument.h">
      <Filter>헤더 파일</Filter>
    </ClInclude>
    <ClInclude Include="addon.h">
      <Filter>헤더 파일</Filter>
    </ClInclude>
    <ClInclude Include="iconstructor.h">
      <Filter>헤더 파일</Filter>
    </ClInclude>
    <ClInclude Include="constructorType.h">
      <Filter>헤더 파일</Filter>
    </ClInclude>
    <ClInclude Include="compositeConstructor.h">
      <Filter>헤더 파일</Filter>
    </ClInclude>
    <ClInclude Include="iconstConstructor.h">
      <Filter>헤더 파일</Filter>
    </ClInclude>
    <ClInclude Include="constConstructor.h">
      <Filter>헤더 파일</Filter>
    </ClInclude>
    <ClInclude Include="binding.h">
      <Filter>헤더 파일</Filter>
    </ClInclude>
    <ClInclude Include="constNode.h">
      <Filter>헤더 파일</Filter>
    </ClInclude>
    <ClInclude Include="contextStatus.h">
      <Filter>헤더 파일</Filter>
    </ClInclude>
    <ClInclude Include="irunable.h">
      <Filter>헤더 파일</Filter>
    </ClInclude>
    <ClInclude Include="constExecutionNode.h">
      <Filter>헤더 파일</Filter>
    </ClInclude>
    <ClInclude Include="resultType.h">
      <Filter>헤더 파일</Filter>
    </ClInclude>
    <ClInclude Include="constNodeJson.h">
      <Filter>헤더 파일</Filter>
    </ClInclude>
    <ClInclude Include="script.h">
      <Filter>헤더 파일</Filter>
    </ClInclude>
  </ItemGroup>
</Project>