
Microsoft Visual Studio Solution File, Format Version 12.00
# Visual Studio Version 17
VisualStudioVersion = 17.4.32916.344
MinimumVisualStudioVersion = 10.0.40219.1
Project("{8BC9CEB8-8B4A-11D0-8D11-00A0C91BC942}") = "OstrichAPI", "OstrichAPI\OstrichAPI.vcxproj", "{D3CB5800-1750-4C45-A0DF-1A92DF23EA42}"
EndProject
Project("{8BC9CEB8-8B4A-11D0-8D11-00A0C91BC942}") = "ConsoleCpp", "ConsoleCpp\ConsoleCpp.vcxproj", "{642C2908-EB2C-4C4A-A9CD-9EC909875086}"
	ProjectSection(ProjectDependencies) = postProject
		{5F8D77F0-8E16-46DD-BBAA-70C95753B3D3} = {5F8D77F0-8E16-46DD-BBAA-70C95753B3D3}
		{D3CB5800-1750-4C45-A0DF-1A92DF23EA42} = {D3CB5800-1750-4C45-A0DF-1A92DF23EA42}
	EndProjectSection
EndProject
Project("{8BC9CEB8-8B4A-11D0-8D11-00A0C91BC942}") = "PrimitiveNode", "PrimitiveNode\PrimitiveNode.vcxproj", "{187E5A73-7821-49C8-B16D-87CE3BA4E6A5}"
	ProjectSection(ProjectDependencies) = postProject
		{D3CB5800-1750-4C45-A0DF-1A92DF23EA42} = {D3CB5800-1750-4C45-A0DF-1A92DF23EA42}
	EndProjectSection
EndProject
Project("{8BC9CEB8-8B4A-11D0-8D11-00A0C91BC942}") = "AddonPrimitiveNode", "AddonPrimitiveNode\AddonPrimitiveNode.vcxproj", "{5F8D77F0-8E16-46DD-BBAA-70C95753B3D3}"
	ProjectSection(ProjectDependencies) = postProject
		{187E5A73-7821-49C8-B16D-87CE3BA4E6A5} = {187E5A73-7821-49C8-B16D-87CE3BA4E6A5}
	EndProjectSection
EndProject
Project("{8BC9CEB8-8B4A-11D0-8D11-00A0C91BC942}") = "OstrichAPISharp", "OstrichAPISharp\OstrichAPISharp.vcxproj", "{A4A23CE7-3A37-4CA3-ABCD-61792662814E}"
	ProjectSection(ProjectDependencies) = postProject
		{D3CB5800-1750-4C45-A0DF-1A92DF23EA42} = {D3CB5800-1750-4C45-A0DF-1A92DF23EA42}
	EndProjectSection
EndProject
Project("{9A19103F-16F7-4668-BE54-9A1E7A4F7556}") = "ConsoleSharp", "ConsoleSharp\ConsoleSharp.csproj", "{D7D2D9B0-F13F-4724-8653-F97F0B7BFB32}"
EndProject
Project("{9A19103F-16F7-4668-BE54-9A1E7A4F7556}") = "GraphViewerTest", "GraphViewerTest\GraphViewerTest.csproj", "{32DAD54E-0029-4151-A90B-713997805F56}"
EndProject
Global
	GlobalSection(SolutionConfigurationPlatforms) = preSolution
		Debug|Any CPU = Debug|Any CPU
		Debug|x64 = Debug|x64
		Debug|x86 = Debug|x86
		Release|Any CPU = Release|Any CPU
		Release|x64 = Release|x64
		Release|x86 = Release|x86
	EndGlobalSection
	GlobalSection(ProjectConfigurationPlatforms) = postSolution
		{D3CB5800-1750-4C45-A0DF-1A92DF23EA42}.Debug|Any CPU.ActiveCfg = Debug|x64
		{D3CB5800-1750-4C45-A0DF-1A92DF23EA42}.Debug|Any CPU.Build.0 = Debug|x64
		{D3CB5800-1750-4C45-A0DF-1A92DF23EA42}.Debug|x64.ActiveCfg = Debug|x64
		{D3CB5800-1750-4C45-A0DF-1A92DF23EA42}.Debug|x64.Build.0 = Debug|x64
		{D3CB5800-1750-4C45-A0DF-1A92DF23EA42}.Debug|x86.ActiveCfg = Debug|Win32
		{D3CB5800-1750-4C45-A0DF-1A92DF23EA42}.Debug|x86.Build.0 = Debug|Win32
		{D3CB5800-1750-4C45-A0DF-1A92DF23EA42}.Release|Any CPU.ActiveCfg = Release|x64
		{D3CB5800-1750-4C45-A0DF-1A92DF23EA42}.Release|Any CPU.Build.0 = Release|x64
		{D3CB5800-1750-4C45-A0DF-1A92DF23EA42}.Release|x64.ActiveCfg = Release|x64
		{D3CB5800-1750-4C45-A0DF-1A92DF23EA42}.Release|x64.Build.0 = Release|x64
		{D3CB5800-1750-4C45-A0DF-1A92DF23EA42}.Release|x86.ActiveCfg = Release|Win32
		{D3CB5800-1750-4C45-A0DF-1A92DF23EA42}.Release|x86.Build.0 = Release|Win32
		{642C2908-EB2C-4C4A-A9CD-9EC909875086}.Debug|Any CPU.ActiveCfg = Debug|x64
		{642C2908-EB2C-4C4A-A9CD-9EC909875086}.Debug|Any CPU.Build.0 = Debug|x64
		{642C2908-EB2C-4C4A-A9CD-9EC909875086}.Debug|x64.ActiveCfg = Debug|x64
		{642C2908-EB2C-4C4A-A9CD-9EC909875086}.Debug|x64.Build.0 = Debug|x64
		{642C2908-EB2C-4C4A-A9CD-9EC909875086}.Debug|x86.ActiveCfg = Debug|Win32
		{642C2908-EB2C-4C4A-A9CD-9EC909875086}.Debug|x86.Build.0 = Debug|Win32
		{642C2908-EB2C-4C4A-A9CD-9EC909875086}.Release|Any CPU.ActiveCfg = Release|x64
		{642C2908-EB2C-4C4A-A9CD-9EC909875086}.Release|Any CPU.Build.0 = Release|x64
		{642C2908-EB2C-4C4A-A9CD-9EC909875086}.Release|x64.ActiveCfg = Release|x64
		{642C2908-EB2C-4C4A-A9CD-9EC909875086}.Release|x64.Build.0 = Release|x64
		{642C2908-EB2C-4C4A-A9CD-9EC909875086}.Release|x86.ActiveCfg = Release|Win32
		{642C2908-EB2C-4C4A-A9CD-9EC909875086}.Release|x86.Build.0 = Release|Win32
		{187E5A73-7821-49C8-B16D-87CE3BA4E6A5}.Debug|Any CPU.ActiveCfg = Debug|x64
		{187E5A73-7821-49C8-B16D-87CE3BA4E6A5}.Debug|Any CPU.Build.0 = Debug|x64
		{187E5A73-7821-49C8-B16D-87CE3BA4E6A5}.Debug|x64.ActiveCfg = Debug|x64
		{187E5A73-7821-49C8-B16D-87CE3BA4E6A5}.Debug|x64.Build.0 = Debug|x64
		{187E5A73-7821-49C8-B16D-87CE3BA4E6A5}.Debug|x86.ActiveCfg = Debug|Win32
		{187E5A73-7821-49C8-B16D-87CE3BA4E6A5}.Debug|x86.Build.0 = Debug|Win32
		{187E5A73-7821-49C8-B16D-87CE3BA4E6A5}.Release|Any CPU.ActiveCfg = Release|x64
		{187E5A73-7821-49C8-B16D-87CE3BA4E6A5}.Release|Any CPU.Build.0 = Release|x64
		{187E5A73-7821-49C8-B16D-87CE3BA4E6A5}.Release|x64.ActiveCfg = Release|x64
		{187E5A73-7821-49C8-B16D-87CE3BA4E6A5}.Release|x64.Build.0 = Release|x64
		{187E5A73-7821-49C8-B16D-87CE3BA4E6A5}.Release|x86.ActiveCfg = Release|Win32
		{187E5A73-7821-49C8-B16D-87CE3BA4E6A5}.Release|x86.Build.0 = Release|Win32
		{5F8D77F0-8E16-46DD-BBAA-70C95753B3D3}.Debug|Any CPU.ActiveCfg = Debug|x64
		{5F8D77F0-8E16-46DD-BBAA-70C95753B3D3}.Debug|Any CPU.Build.0 = Debug|x64
		{5F8D77F0-8E16-46DD-BBAA-70C95753B3D3}.Debug|x64.ActiveCfg = Debug|x64
		{5F8D77F0-8E16-46DD-BBAA-70C95753B3D3}.Debug|x64.Build.0 = Debug|x64
		{5F8D77F0-8E16-46DD-BBAA-70C95753B3D3}.Debug|x86.ActiveCfg = Debug|Win32
		{5F8D77F0-8E16-46DD-BBAA-70C95753B3D3}.Debug|x86.Build.0 = Debug|Win32
		{5F8D77F0-8E16-46DD-BBAA-70C95753B3D3}.Release|Any CPU.ActiveCfg = Release|x64
		{5F8D77F0-8E16-46DD-BBAA-70C95753B3D3}.Release|Any CPU.Build.0 = Release|x64
		{5F8D77F0-8E16-46DD-BBAA-70C95753B3D3}.Release|x64.ActiveCfg = Release|x64
		{5F8D77F0-8E16-46DD-BBAA-70C95753B3D3}.Release|x64.Build.0 = Release|x64
		{5F8D77F0-8E16-46DD-BBAA-70C95753B3D3}.Release|x86.ActiveCfg = Release|Win32
		{5F8D77F0-8E16-46DD-BBAA-70C95753B3D3}.Release|x86.Build.0 = Release|Win32
		{A4A23CE7-3A37-4CA3-ABCD-61792662814E}.Debug|Any CPU.ActiveCfg = Debug|x64
		{A4A23CE7-3A37-4CA3-ABCD-61792662814E}.Debug|Any CPU.Build.0 = Debug|x64
		{A4A23CE7-3A37-4CA3-ABCD-61792662814E}.Debug|x64.ActiveCfg = Debug|x64
		{A4A23CE7-3A37-4CA3-ABCD-61792662814E}.Debug|x64.Build.0 = Debug|x64
		{A4A23CE7-3A37-4CA3-ABCD-61792662814E}.Debug|x86.ActiveCfg = Debug|Win32
		{A4A23CE7-3A37-4CA3-ABCD-61792662814E}.Debug|x86.Build.0 = Debug|Win32
		{A4A23CE7-3A37-4CA3-ABCD-61792662814E}.Release|Any CPU.ActiveCfg = Release|x64
		{A4A23CE7-3A37-4CA3-ABCD-61792662814E}.Release|Any CPU.Build.0 = Release|x64
		{A4A23CE7-3A37-4CA3-ABCD-61792662814E}.Release|x64.ActiveCfg = Release|x64
		{A4A23CE7-3A37-4CA3-ABCD-61792662814E}.Release|x64.Build.0 = Release|x64
		{A4A23CE7-3A37-4CA3-ABCD-61792662814E}.Release|x86.ActiveCfg = Release|Win32
		{A4A23CE7-3A37-4CA3-ABCD-61792662814E}.Release|x86.Build.0 = Release|Win32
		{D7D2D9B0-F13F-4724-8653-F97F0B7BFB32}.Debug|Any CPU.ActiveCfg = Debug|Any CPU
		{D7D2D9B0-F13F-4724-8653-F97F0B7BFB32}.Debug|Any CPU.Build.0 = Debug|Any CPU
		{D7D2D9B0-F13F-4724-8653-F97F0B7BFB32}.Debug|x64.ActiveCfg = Debug|x64
		{D7D2D9B0-F13F-4724-8653-F97F0B7BFB32}.Debug|x64.Build.0 = Debug|x64
		{D7D2D9B0-F13F-4724-8653-F97F0B7BFB32}.Debug|x86.ActiveCfg = Debug|Any CPU
		{D7D2D9B0-F13F-4724-8653-F97F0B7BFB32}.Debug|x86.Build.0 = Debug|Any CPU
		{D7D2D9B0-F13F-4724-8653-F97F0B7BFB32}.Release|Any CPU.ActiveCfg = Release|Any CPU
		{D7D2D9B0-F13F-4724-8653-F97F0B7BFB32}.Release|Any CPU.Build.0 = Release|Any CPU
		{D7D2D9B0-F13F-4724-8653-F97F0B7BFB32}.Release|x64.ActiveCfg = Release|Any CPU
		{D7D2D9B0-F13F-4724-8653-F97F0B7BFB32}.Release|x64.Build.0 = Release|Any CPU
		{D7D2D9B0-F13F-4724-8653-F97F0B7BFB32}.Release|x86.ActiveCfg = Release|Any CPU
		{D7D2D9B0-F13F-4724-8653-F97F0B7BFB32}.Release|x86.Build.0 = Release|Any CPU
		{32DAD54E-0029-4151-A90B-713997805F56}.Debug|Any CPU.ActiveCfg = Debug|Any CPU
		{32DAD54E-0029-4151-A90B-713997805F56}.Debug|Any CPU.Build.0 = Debug|Any CPU
		{32DAD54E-0029-4151-A90B-713997805F56}.Debug|x64.ActiveCfg = Debug|x64
		{32DAD54E-0029-4151-A90B-713997805F56}.Debug|x64.Build.0 = Debug|x64
		{32DAD54E-0029-4151-A90B-713997805F56}.Debug|x86.ActiveCfg = Debug|Any CPU
		{32DAD54E-0029-4151-A90B-713997805F56}.Debug|x86.Build.0 = Debug|Any CPU
		{32DAD54E-0029-4151-A90B-713997805F56}.Release|Any CPU.ActiveCfg = Release|Any CPU
		{32DAD54E-0029-4151-A90B-713997805F56}.Release|Any CPU.Build.0 = Release|Any CPU
		{32DAD54E-0029-4151-A90B-713997805F56}.Release|x64.ActiveCfg = Release|x64
		{32DAD54E-0029-4151-A90B-713997805F56}.Release|x64.Build.0 = Release|x64
		{32DAD54E-0029-4151-A90B-713997805F56}.Release|x86.ActiveCfg = Release|Any CPU
		{32DAD54E-0029-4151-A90B-713997805F56}.Release|x86.Build.0 = Release|Any CPU
	EndGlobalSection
	GlobalSection(SolutionProperties) = preSolution
		HideSolutionNode = FALSE
	EndGlobalSection
	GlobalSection(ExtensibilityGlobals) = postSolution
		SolutionGuid = {19DB8ED3-85A1-49BB-999C-2F7432A181C4}
	EndGlobalSection
EndGlobal
